// !$*UTF8*$!
{
	archiveVersion = 1;
	classes = {
	};
	objectVersion = 56;
	objects = {

/* Begin PBXBuildFile section */
		036DE4AE2C05165A00D8F4B9 /* HerdApp.swift in Sources */ = {isa = PBXBuildFile; fileRef = 036DE4AD2C05165A00D8F4B9 /* HerdApp.swift */; };
		036DE4B02C05165A00D8F4B9 /* ContentView.swift in Sources */ = {isa = PBXBuildFile; fileRef = 036DE4AF2C05165A00D8F4B9 /* ContentView.swift */; };
		036DE4B22C05165A00D8F4B9 /* Server.swift in Sources */ = {isa = PBXBuildFile; fileRef = 036DE4B12C05165A00D8F4B9 /* Server.swift */; };
		036DE4B42C05165B00D8F4B9 /* Assets.xcassets in Resources */ = {isa = PBXBuildFile; fileRef = 036DE4B32C05165B00D8F4B9 /* Assets.xcassets */; };
		036DE4B72C05165B00D8F4B9 /* Preview Assets.xcassets in Resources */ = {isa = PBXBuildFile; fileRef = 036DE4B62C05165B00D8F4B9 /* Preview Assets.xcassets */; };
		036DE4C12C051CCB00D8F4B9 /* ServerList.swift in Sources */ = {isa = PBXBuildFile; fileRef = 036DE4C02C051CCB00D8F4B9 /* ServerList.swift */; };
		036DE4C32C051EC100D8F4B9 /* ServerRow.swift in Sources */ = {isa = PBXBuildFile; fileRef = 036DE4C22C051EC100D8F4B9 /* ServerRow.swift */; };
		036DE4C52C0526DA00D8F4B9 /* AddServerButton.swift in Sources */ = {isa = PBXBuildFile; fileRef = 036DE4C42C0526DA00D8F4B9 /* AddServerButton.swift */; };
		036DE4C72C05288300D8F4B9 /* ServerDetail.swift in Sources */ = {isa = PBXBuildFile; fileRef = 036DE4C62C05288300D8F4B9 /* ServerDetail.swift */; };
		036DE4C92C0529F800D8F4B9 /* Title.swift in Sources */ = {isa = PBXBuildFile; fileRef = 036DE4C82C0529F800D8F4B9 /* Title.swift */; };
		036DE4CB2C052A3F00D8F4B9 /* Subtitle.swift in Sources */ = {isa = PBXBuildFile; fileRef = 036DE4CA2C052A3F00D8F4B9 /* Subtitle.swift */; };
		036DE4CD2C052D9000D8F4B9 /* ServerActivity.swift in Sources */ = {isa = PBXBuildFile; fileRef = 036DE4CC2C052D9000D8F4B9 /* ServerActivity.swift */; };
		036DE4CF2C052EC100D8F4B9 /* Title2.swift in Sources */ = {isa = PBXBuildFile; fileRef = 036DE4CE2C052EC100D8F4B9 /* Title2.swift */; };
/* End PBXBuildFile section */

/* Begin PBXFileReference section */
		036DE4AA2C05165A00D8F4B9 /* Herd.app */ = {isa = PBXFileReference; explicitFileType = wrapper.application; includeInIndex = 0; path = Herd.app; sourceTree = BUILT_PRODUCTS_DIR; };
		036DE4AD2C05165A00D8F4B9 /* HerdApp.swift */ = {isa = PBXFileReference; lastKnownFileType = sourcecode.swift; path = HerdApp.swift; sourceTree = "<group>"; };
		036DE4AF2C05165A00D8F4B9 /* ContentView.swift */ = {isa = PBXFileReference; lastKnownFileType = sourcecode.swift; path = ContentView.swift; sourceTree = "<group>"; };
		036DE4B12C05165A00D8F4B9 /* Server.swift */ = {isa = PBXFileReference; lastKnownFileType = sourcecode.swift; path = Server.swift; sourceTree = "<group>"; };
		036DE4B32C05165B00D8F4B9 /* Assets.xcassets */ = {isa = PBXFileReference; lastKnownFileType = folder.assetcatalog; path = Assets.xcassets; sourceTree = "<group>"; };
		036DE4B62C05165B00D8F4B9 /* Preview Assets.xcassets */ = {isa = PBXFileReference; lastKnownFileType = folder.assetcatalog; path = "Preview Assets.xcassets"; sourceTree = "<group>"; };
		036DE4C02C051CCB00D8F4B9 /* ServerList.swift */ = {isa = PBXFileReference; lastKnownFileType = sourcecode.swift; path = ServerList.swift; sourceTree = "<group>"; };
		036DE4C22C051EC100D8F4B9 /* ServerRow.swift */ = {isa = PBXFileReference; lastKnownFileType = sourcecode.swift; path = ServerRow.swift; sourceTree = "<group>"; };
		036DE4C42C0526DA00D8F4B9 /* AddServerButton.swift */ = {isa = PBXFileReference; lastKnownFileType = sourcecode.swift; path = AddServerButton.swift; sourceTree = "<group>"; };
		036DE4C62C05288300D8F4B9 /* ServerDetail.swift */ = {isa = PBXFileReference; lastKnownFileType = sourcecode.swift; path = ServerDetail.swift; sourceTree = "<group>"; };
		036DE4C82C0529F800D8F4B9 /* Title.swift */ = {isa = PBXFileReference; lastKnownFileType = sourcecode.swift; path = Title.swift; sourceTree = "<group>"; };
		036DE4CA2C052A3F00D8F4B9 /* Subtitle.swift */ = {isa = PBXFileReference; lastKnownFileType = sourcecode.swift; path = Subtitle.swift; sourceTree = "<group>"; };
		036DE4CC2C052D9000D8F4B9 /* ServerActivity.swift */ = {isa = PBXFileReference; lastKnownFileType = sourcecode.swift; path = ServerActivity.swift; sourceTree = "<group>"; };
		036DE4CE2C052EC100D8F4B9 /* Title2.swift */ = {isa = PBXFileReference; lastKnownFileType = sourcecode.swift; path = Title2.swift; sourceTree = "<group>"; };
/* End PBXFileReference section */

/* Begin PBXFrameworksBuildPhase section */
		036DE4A72C05165A00D8F4B9 /* Frameworks */ = {
			isa = PBXFrameworksBuildPhase;
			buildActionMask = 2147483647;
			files = (
			);
			runOnlyForDeploymentPostprocessing = 0;
		};
/* End PBXFrameworksBuildPhase section */

/* Begin PBXGroup section */
		036DE4A12C05165A00D8F4B9 = {
			isa = PBXGroup;
			children = (
				036DE4AC2C05165A00D8F4B9 /* Herd */,
				036DE4AB2C05165A00D8F4B9 /* Products */,
			);
			sourceTree = "<group>";
		};
		036DE4AB2C05165A00D8F4B9 /* Products */ = {
			isa = PBXGroup;
			children = (
				036DE4AA2C05165A00D8F4B9 /* Herd.app */,
			);
			name = Products;
			sourceTree = "<group>";
		};
		036DE4AC2C05165A00D8F4B9 /* Herd */ = {
			isa = PBXGroup;
			children = (
				036DE4BF2C051A5400D8F4B9 /* Views */,
				036DE4BE2C051A4B00D8F4B9 /* API */,
				036DE4BD2C051A4100D8F4B9 /* LocalData */,
				036DE4AD2C05165A00D8F4B9 /* HerdApp.swift */,
				036DE4AF2C05165A00D8F4B9 /* ContentView.swift */,
				036DE4B32C05165B00D8F4B9 /* Assets.xcassets */,
				036DE4B52C05165B00D8F4B9 /* Preview Content */,
			);
			path = Herd;
			sourceTree = "<group>";
		};
		036DE4B52C05165B00D8F4B9 /* Preview Content */ = {
			isa = PBXGroup;
			children = (
				036DE4B62C05165B00D8F4B9 /* Preview Assets.xcassets */,
			);
			path = "Preview Content";
			sourceTree = "<group>";
		};
		036DE4BD2C051A4100D8F4B9 /* LocalData */ = {
			isa = PBXGroup;
			children = (
				036DE4B12C05165A00D8F4B9 /* Server.swift */,
				036DE4CC2C052D9000D8F4B9 /* ServerActivity.swift */,
			);
			path = LocalData;
			sourceTree = "<group>";
		};
		036DE4BE2C051A4B00D8F4B9 /* API */ = {
			isa = PBXGroup;
			children = (
			);
			path = API;
			sourceTree = "<group>";
		};
		036DE4BF2C051A5400D8F4B9 /* Views */ = {
			isa = PBXGroup;
			children = (
				036DE4C02C051CCB00D8F4B9 /* ServerList.swift */,
				036DE4C22C051EC100D8F4B9 /* ServerRow.swift */,
				036DE4C42C0526DA00D8F4B9 /* AddServerButton.swift */,
				036DE4C62C05288300D8F4B9 /* ServerDetail.swift */,
				036DE4C82C0529F800D8F4B9 /* Title.swift */,
				036DE4CA2C052A3F00D8F4B9 /* Subtitle.swift */,
				036DE4CE2C052EC100D8F4B9 /* Title2.swift */,
			);
			path = Views;
			sourceTree = "<group>";
		};
/* End PBXGroup section */

/* Begin PBXNativeTarget section */
		036DE4A92C05165A00D8F4B9 /* Herd */ = {
			isa = PBXNativeTarget;
			buildConfigurationList = 036DE4BA2C05165B00D8F4B9 /* Build configuration list for PBXNativeTarget "Herd" */;
			buildPhases = (
				036DE4A62C05165A00D8F4B9 /* Sources */,
				036DE4A72C05165A00D8F4B9 /* Frameworks */,
				036DE4A82C05165A00D8F4B9 /* Resources */,
			);
			buildRules = (
			);
			dependencies = (
			);
			name = Herd;
			productName = Herd;
			productReference = 036DE4AA2C05165A00D8F4B9 /* Herd.app */;
			productType = "com.apple.product-type.application";
		};
/* End PBXNativeTarget section */

/* Begin PBXProject section */
		036DE4A22C05165A00D8F4B9 /* Project object */ = {
			isa = PBXProject;
			attributes = {
				BuildIndependentTargetsInParallel = 1;
				LastSwiftUpdateCheck = 1540;
				LastUpgradeCheck = 1540;
				TargetAttributes = {
					036DE4A92C05165A00D8F4B9 = {
						CreatedOnToolsVersion = 15.4;
					};
				};
			};
			buildConfigurationList = 036DE4A52C05165A00D8F4B9 /* Build configuration list for PBXProject "Herd" */;
			compatibilityVersion = "Xcode 14.0";
			developmentRegion = en;
			hasScannedForEncodings = 0;
			knownRegions = (
				en,
				Base,
			);
			mainGroup = 036DE4A12C05165A00D8F4B9;
			productRefGroup = 036DE4AB2C05165A00D8F4B9 /* Products */;
			projectDirPath = "";
			projectRoot = "";
			targets = (
				036DE4A92C05165A00D8F4B9 /* Herd */,
			);
		};
/* End PBXProject section */

/* Begin PBXResourcesBuildPhase section */
		036DE4A82C05165A00D8F4B9 /* Resources */ = {
			isa = PBXResourcesBuildPhase;
			buildActionMask = 2147483647;
			files = (
				036DE4B72C05165B00D8F4B9 /* Preview Assets.xcassets in Resources */,
				036DE4B42C05165B00D8F4B9 /* Assets.xcassets in Resources */,
			);
			runOnlyForDeploymentPostprocessing = 0;
		};
/* End PBXResourcesBuildPhase section */

/* Begin PBXSourcesBuildPhase section */
		036DE4A62C05165A00D8F4B9 /* Sources */ = {
			isa = PBXSourcesBuildPhase;
			buildActionMask = 2147483647;
			files = (
				036DE4C92C0529F800D8F4B9 /* Title.swift in Sources */,
				036DE4C52C0526DA00D8F4B9 /* AddServerButton.swift in Sources */,
				036DE4B02C05165A00D8F4B9 /* ContentView.swift in Sources */,
				036DE4CD2C052D9000D8F4B9 /* ServerActivity.swift in Sources */,
				036DE4CF2C052EC100D8F4B9 /* Title2.swift in Sources */,
				036DE4B22C05165A00D8F4B9 /* Server.swift in Sources */,
				036DE4AE2C05165A00D8F4B9 /* HerdApp.swift in Sources */,
				036DE4C32C051EC100D8F4B9 /* ServerRow.swift in Sources */,
				036DE4CB2C052A3F00D8F4B9 /* Subtitle.swift in Sources */,
				036DE4C12C051CCB00D8F4B9 /* ServerList.swift in Sources */,
				036DE4C72C05288300D8F4B9 /* ServerDetail.swift in Sources */,
			);
			runOnlyForDeploymentPostprocessing = 0;
		};
/* End PBXSourcesBuildPhase section */

/* Begin XCBuildConfiguration section */
		036DE4B82C05165B00D8F4B9 /* Debug */ = {
			isa = XCBuildConfiguration;
			buildSettings = {
				ALWAYS_SEARCH_USER_PATHS = NO;
				ASSETCATALOG_COMPILER_GENERATE_SWIFT_ASSET_SYMBOL_EXTENSIONS = YES;
				CLANG_ANALYZER_NONNULL = YES;
				CLANG_ANALYZER_NUMBER_OBJECT_CONVERSION = YES_AGGRESSIVE;
				CLANG_CXX_LANGUAGE_STANDARD = "gnu++20";
				CLANG_ENABLE_MODULES = YES;
				CLANG_ENABLE_OBJC_ARC = YES;
				CLANG_ENABLE_OBJC_WEAK = YES;
				CLANG_WARN_BLOCK_CAPTURE_AUTORELEASING = YES;
				CLANG_WARN_BOOL_CONVERSION = YES;
				CLANG_WARN_COMMA = YES;
				CLANG_WARN_CONSTANT_CONVERSION = YES;
				CLANG_WARN_DEPRECATED_OBJC_IMPLEMENTATIONS = YES;
				CLANG_WARN_DIRECT_OBJC_ISA_USAGE = YES_ERROR;
				CLANG_WARN_DOCUMENTATION_COMMENTS = YES;
				CLANG_WARN_EMPTY_BODY = YES;
				CLANG_WARN_ENUM_CONVERSION = YES;
				CLANG_WARN_INFINITE_RECURSION = YES;
				CLANG_WARN_INT_CONVERSION = YES;
				CLANG_WARN_NON_LITERAL_NULL_CONVERSION = YES;
				CLANG_WARN_OBJC_IMPLICIT_RETAIN_SELF = YES;
				CLANG_WARN_OBJC_LITERAL_CONVERSION = YES;
				CLANG_WARN_OBJC_ROOT_CLASS = YES_ERROR;
				CLANG_WARN_QUOTED_INCLUDE_IN_FRAMEWORK_HEADER = YES;
				CLANG_WARN_RANGE_LOOP_ANALYSIS = YES;
				CLANG_WARN_STRICT_PROTOTYPES = YES;
				CLANG_WARN_SUSPICIOUS_MOVE = YES;
				CLANG_WARN_UNGUARDED_AVAILABILITY = YES_AGGRESSIVE;
				CLANG_WARN_UNREACHABLE_CODE = YES;
				CLANG_WARN__DUPLICATE_METHOD_MATCH = YES;
				COPY_PHASE_STRIP = NO;
				DEBUG_INFORMATION_FORMAT = dwarf;
				ENABLE_STRICT_OBJC_MSGSEND = YES;
				ENABLE_TESTABILITY = YES;
				ENABLE_USER_SCRIPT_SANDBOXING = YES;
				GCC_C_LANGUAGE_STANDARD = gnu17;
				GCC_DYNAMIC_NO_PIC = NO;
				GCC_NO_COMMON_BLOCKS = YES;
				GCC_OPTIMIZATION_LEVEL = 0;
				GCC_PREPROCESSOR_DEFINITIONS = (
					"DEBUG=1",
					"$(inherited)",
				);
				GCC_WARN_64_TO_32_BIT_CONVERSION = YES;
				GCC_WARN_ABOUT_RETURN_TYPE = YES_ERROR;
				GCC_WARN_UNDECLARED_SELECTOR = YES;
				GCC_WARN_UNINITIALIZED_AUTOS = YES_AGGRESSIVE;
				GCC_WARN_UNUSED_FUNCTION = YES;
				GCC_WARN_UNUSED_VARIABLE = YES;
				IPHONEOS_DEPLOYMENT_TARGET = 17.5;
				LOCALIZATION_PREFERS_STRING_CATALOGS = YES;
				MTL_ENABLE_DEBUG_INFO = INCLUDE_SOURCE;
				MTL_FAST_MATH = YES;
				ONLY_ACTIVE_ARCH = YES;
				SDKROOT = iphoneos;
				SWIFT_ACTIVE_COMPILATION_CONDITIONS = "DEBUG $(inherited)";
				SWIFT_OPTIMIZATION_LEVEL = "-Onone";
			};
			name = Debug;
		};
		036DE4B92C05165B00D8F4B9 /* Release */ = {
			isa = XCBuildConfiguration;
			buildSettings = {
				ALWAYS_SEARCH_USER_PATHS = NO;
				ASSETCATALOG_COMPILER_GENERATE_SWIFT_ASSET_SYMBOL_EXTENSIONS = YES;
				CLANG_ANALYZER_NONNULL = YES;
				CLANG_ANALYZER_NUMBER_OBJECT_CONVERSION = YES_AGGRESSIVE;
				CLANG_CXX_LANGUAGE_STANDARD = "gnu++20";
				CLANG_ENABLE_MODULES = YES;
				CLANG_ENABLE_OBJC_ARC = YES;
				CLANG_ENABLE_OBJC_WEAK = YES;
				CLANG_WARN_BLOCK_CAPTURE_AUTORELEASING = YES;
				CLANG_WARN_BOOL_CONVERSION = YES;
				CLANG_WARN_COMMA = YES;
				CLANG_WARN_CONSTANT_CONVERSION = YES;
				CLANG_WARN_DEPRECATED_OBJC_IMPLEMENTATIONS = YES;
				CLANG_WARN_DIRECT_OBJC_ISA_USAGE = YES_ERROR;
				CLANG_WARN_DOCUMENTATION_COMMENTS = YES;
				CLANG_WARN_EMPTY_BODY = YES;
				CLANG_WARN_ENUM_CONVERSION = YES;
				CLANG_WARN_INFINITE_RECURSION = YES;
				CLANG_WARN_INT_CONVERSION = YES;
				CLANG_WARN_NON_LITERAL_NULL_CONVERSION = YES;
				CLANG_WARN_OBJC_IMPLICIT_RETAIN_SELF = YES;
				CLANG_WARN_OBJC_LITERAL_CONVERSION = YES;
				CLANG_WARN_OBJC_ROOT_CLASS = YES_ERROR;
				CLANG_WARN_QUOTED_INCLUDE_IN_FRAMEWORK_HEADER = YES;
				CLANG_WARN_RANGE_LOOP_ANALYSIS = YES;
				CLANG_WARN_STRICT_PROTOTYPES = YES;
				CLANG_WARN_SUSPICIOUS_MOVE = YES;
				CLANG_WARN_UNGUARDED_AVAILABILITY = YES_AGGRESSIVE;
				CLANG_WARN_UNREACHABLE_CODE = YES;
				CLANG_WARN__DUPLICATE_METHOD_MATCH = YES;
				COPY_PHASE_STRIP = NO;
				DEBUG_INFORMATION_FORMAT = "dwarf-with-dsym";
				ENABLE_NS_ASSERTIONS = NO;
				ENABLE_STRICT_OBJC_MSGSEND = YES;
				ENABLE_USER_SCRIPT_SANDBOXING = YES;
				GCC_C_LANGUAGE_STANDARD = gnu17;
				GCC_NO_COMMON_BLOCKS = YES;
				GCC_WARN_64_TO_32_BIT_CONVERSION = YES;
				GCC_WARN_ABOUT_RETURN_TYPE = YES_ERROR;
				GCC_WARN_UNDECLARED_SELECTOR = YES;
				GCC_WARN_UNINITIALIZED_AUTOS = YES_AGGRESSIVE;
				GCC_WARN_UNUSED_FUNCTION = YES;
				GCC_WARN_UNUSED_VARIABLE = YES;
				IPHONEOS_DEPLOYMENT_TARGET = 17.5;
				LOCALIZATION_PREFERS_STRING_CATALOGS = YES;
				MTL_ENABLE_DEBUG_INFO = NO;
				MTL_FAST_MATH = YES;
				SDKROOT = iphoneos;
				SWIFT_COMPILATION_MODE = wholemodule;
				VALIDATE_PRODUCT = YES;
			};
			name = Release;
		};
		036DE4BB2C05165B00D8F4B9 /* Debug */ = {
			isa = XCBuildConfiguration;
			buildSettings = {
				ASSETCATALOG_COMPILER_APPICON_NAME = AppIcon;
				ASSETCATALOG_COMPILER_GLOBAL_ACCENT_COLOR_NAME = AccentColor;
				CODE_SIGN_STYLE = Automatic;
				CURRENT_PROJECT_VERSION = 1;
				DEVELOPMENT_ASSET_PATHS = "\"Herd/Preview Content\"";
				DEVELOPMENT_TEAM = 668GFKS7B9;
				ENABLE_PREVIEWS = YES;
				GENERATE_INFOPLIST_FILE = YES;
				INFOPLIST_KEY_UIApplicationSceneManifest_Generation = YES;
				INFOPLIST_KEY_UIApplicationSupportsIndirectInputEvents = YES;
				INFOPLIST_KEY_UILaunchScreen_Generation = YES;
				INFOPLIST_KEY_UISupportedInterfaceOrientations_iPad = "UIInterfaceOrientationPortrait UIInterfaceOrientationPortraitUpsideDown UIInterfaceOrientationLandscapeLeft UIInterfaceOrientationLandscapeRight";
				INFOPLIST_KEY_UISupportedInterfaceOrientations_iPhone = "UIInterfaceOrientationPortrait UIInterfaceOrientationLandscapeLeft UIInterfaceOrientationLandscapeRight";
				LD_RUNPATH_SEARCH_PATHS = (
					"$(inherited)",
					"@executable_path/Frameworks",
				);
				MARKETING_VERSION = 1.0;
				PRODUCT_BUNDLE_IDENTIFIER = tech.joshaustin.apps.Herd;
				PRODUCT_NAME = "$(TARGET_NAME)";
				SWIFT_EMIT_LOC_STRINGS = YES;
				SWIFT_VERSION = 5.0;
				TARGETED_DEVICE_FAMILY = "1,2";
			};
			name = Debug;
		};
		036DE4BC2C05165B00D8F4B9 /* Release */ = {
			isa = XCBuildConfiguration;
			buildSettings = {
				ASSETCATALOG_COMPILER_APPICON_NAME = AppIcon;
				ASSETCATALOG_COMPILER_GLOBAL_ACCENT_COLOR_NAME = AccentColor;
				CODE_SIGN_STYLE = Automatic;
				CURRENT_PROJECT_VERSION = 1;
				DEVELOPMENT_ASSET_PATHS = "\"Herd/Preview Content\"";
				DEVELOPMENT_TEAM = 668GFKS7B9;
				ENABLE_PREVIEWS = YES;
				GENERATE_INFOPLIST_FILE = YES;
				INFOPLIST_KEY_UIApplicationSceneManifest_Generation = YES;
				INFOPLIST_KEY_UIApplicationSupportsIndirectInputEvents = YES;
				INFOPLIST_KEY_UILaunchScreen_Generation = YES;
				INFOPLIST_KEY_UISupportedInterfaceOrientations_iPad = "UIInterfaceOrientationPortrait UIInterfaceOrientationPortraitUpsideDown UIInterfaceOrientationLandscapeLeft UIInterfaceOrientationLandscapeRight";
				INFOPLIST_KEY_UISupportedInterfaceOrientations_iPhone = "UIInterfaceOrientationPortrait UIInterfaceOrientationLandscapeLeft UIInterfaceOrientationLandscapeRight";
				LD_RUNPATH_SEARCH_PATHS = (
					"$(inherited)",
					"@executable_path/Frameworks",
				);
				MARKETING_VERSION = 1.0;
				PRODUCT_BUNDLE_IDENTIFIER = tech.joshaustin.apps.Herd;
				PRODUCT_NAME = "$(TARGET_NAME)";
				SWIFT_EMIT_LOC_STRINGS = YES;
				SWIFT_VERSION = 5.0;
				TARGETED_DEVICE_FAMILY = "1,2";
			};
			name = Release;
		};
/* End XCBuildConfiguration section */

/* Begin XCConfigurationList section */
		036DE4A52C05165A00D8F4B9 /* Build configuration list for PBXProject "Herd" */ = {
			isa = XCConfigurationList;
			buildConfigurations = (
				036DE4B82C05165B00D8F4B9 /* Debug */,
				036DE4B92C05165B00D8F4B9 /* Release */,
			);
			defaultConfigurationIsVisible = 0;
			defaultConfigurationName = Release;
		};
		036DE4BA2C05165B00D8F4B9 /* Build configuration list for PBXNativeTarget "Herd" */ = {
			isa = XCConfigurationList;
			buildConfigurations = (
				036DE4BB2C05165B00D8F4B9 /* Debug */,
				036DE4BC2C05165B00D8F4B9 /* Release */,
			);
			defaultConfigurationIsVisible = 0;
			defaultConfigurationName = Release;
		};
/* End XCConfigurationList section */
	};
	rootObject = 036DE4A22C05165A00D8F4B9 /* Project object */;
}
